
Microsoft Visual Studio Solution File, Format Version 12.00
# Visual Studio 15
VisualStudioVersion = 15.0.27130.2027
MinimumVisualStudioVersion = 10.0.40219.1
Project("{FAE04EC0-301F-11D3-BF4B-00C04F79EFBC}") = "T4ExampleCore", "T4ExampleCore\T4ExampleCore.csproj", "{73E838C4-5D44-4986-B4F9-1EFB748510B7}"
EndProject
Project("{FAE04EC0-301F-11D3-BF4B-00C04F79EFBC}") = "T4ExampleConsoleApp", "T4ExampleConsoleApp\T4ExampleConsoleApp.csproj", "{BB16323B-B643-42C0-8033-B607E73CF2D2}"
EndProject
Global
	GlobalSection(SolutionConfigurationPlatforms) = preSolution
		Debug|Any CPU = Debug|Any CPU
		Release|Any CPU = Release|Any CPU
	EndGlobalSection
	GlobalSection(ProjectConfigurationPlatforms) = postSolution
		{73E838C4-5D44-4986-B4F9-1EFB748510B7}.Debug|Any CPU.ActiveCfg = Debug|Any CPU
		{73E838C4-5D44-4986-B4F9-1EFB748510B7}.Debug|Any CPU.Build.0 = Debug|Any CPU
		{73E838C4-5D44-4986-B4F9-1EFB748510B7}.Release|Any CPU.ActiveCfg = Release|Any CPU
		{73E838C4-5D44-4986-B4F9-1EFB748510B7}.Release|Any CPU.Build.0 = Release|Any CPU
		{BB16323B-B643-42C0-8033-B607E73CF2D2}.Debug|Any CPU.ActiveCfg = Debug|Any CPU
		{BB16323B-B643-42C0-8033-B607E73CF2D2}.Debug|Any CPU.Build.0 = Debug|Any CPU
		{BB16323B-B643-42C0-8033-B607E73CF2D2}.Release|Any CPU.ActiveCfg = Release|Any CPU
		{BB16323B-B643-42C0-8033-B607E73CF2D2}.Release|Any CPU.Build.0 = Release|Any CPU
	EndGlobalSection
	GlobalSection(SolutionProperties) = preSolution
		HideSolutionNode = FALSE
	EndGlobalSection
	GlobalSection(ExtensibilityGlobals) = postSolution
		SolutionGuid = {A1F17D28-B621-42D4-B4BE-6CC65373F27A}
	EndGlobalSection
EndGlobal
